
Microsoft Visual Studio Solution File, Format Version 12.00
# Visual Studio 15
VisualStudioVersion = 15.0.26124.0
MinimumVisualStudioVersion = 15.0.26124.0
Project("{FAE04EC0-301F-11D3-BF4B-00C04F79EFBC}") = "ordenamiento", "ordenamiento\ordenamiento.csproj", "{01409475-F3E4-460E-8EDD-4D0631A16BBC}"
EndProject
Project("{FAE04EC0-301F-11D3-BF4B-00C04F79EFBC}") = "ordenamiento.pruebas", "ordenamiento.pruebas\ordenamiento.pruebas.csproj", "{B54B1D21-D909-4157-BF5F-EA0A13808929}"
EndProject
Global
	GlobalSection(SolutionConfigurationPlatforms) = preSolution
		Debug|Any CPU = Debug|Any CPU
		Debug|x64 = Debug|x64
		Debug|x86 = Debug|x86
		Release|Any CPU = Release|Any CPU
		Release|x64 = Release|x64
		Release|x86 = Release|x86
	EndGlobalSection
	GlobalSection(SolutionProperties) = preSolution
		HideSolutionNode = FALSE
	EndGlobalSection
	GlobalSection(ProjectConfigurationPlatforms) = postSolution
		{01409475-F3E4-460E-8EDD-4D0631A16BBC}.Debug|Any CPU.ActiveCfg = Debug|Any CPU
		{01409475-F3E4-460E-8EDD-4D0631A16BBC}.Debug|Any CPU.Build.0 = Debug|Any CPU
		{01409475-F3E4-460E-8EDD-4D0631A16BBC}.Debug|x64.ActiveCfg = Debug|Any CPU
		{01409475-F3E4-460E-8EDD-4D0631A16BBC}.Debug|x64.Build.0 = Debug|Any CPU
		{01409475-F3E4-460E-8EDD-4D0631A16BBC}.Debug|x86.ActiveCfg = Debug|Any CPU
		{01409475-F3E4-460E-8EDD-4D0631A16BBC}.Debug|x86.Build.0 = Debug|Any CPU
		{01409475-F3E4-460E-8EDD-4D0631A16BBC}.Release|Any CPU.ActiveCfg = Release|Any CPU
		{01409475-F3E4-460E-8EDD-4D0631A16BBC}.Release|Any CPU.Build.0 = Release|Any CPU
		{01409475-F3E4-460E-8EDD-4D0631A16BBC}.Release|x64.ActiveCfg = Release|Any CPU
		{01409475-F3E4-460E-8EDD-4D0631A16BBC}.Release|x64.Build.0 = Release|Any CPU
		{01409475-F3E4-460E-8EDD-4D0631A16BBC}.Release|x86.ActiveCfg = Release|Any CPU
		{01409475-F3E4-460E-8EDD-4D0631A16BBC}.Release|x86.Build.0 = Release|Any CPU
		{B54B1D21-D909-4157-BF5F-EA0A13808929}.Debug|Any CPU.ActiveCfg = Debug|Any CPU
		{B54B1D21-D909-4157-BF5F-EA0A13808929}.Debug|Any CPU.Build.0 = Debug|Any CPU
		{B54B1D21-D909-4157-BF5F-EA0A13808929}.Debug|x64.ActiveCfg = Debug|Any CPU
		{B54B1D21-D909-4157-BF5F-EA0A13808929}.Debug|x64.Build.0 = Debug|Any CPU
		{B54B1D21-D909-4157-BF5F-EA0A13808929}.Debug|x86.ActiveCfg = Debug|Any CPU
		{B54B1D21-D909-4157-BF5F-EA0A13808929}.Debug|x86.Build.0 = Debug|Any CPU
		{B54B1D21-D909-4157-BF5F-EA0A13808929}.Release|Any CPU.ActiveCfg = Release|Any CPU
		{B54B1D21-D909-4157-BF5F-EA0A13808929}.Release|Any CPU.Build.0 = Release|Any CPU
		{B54B1D21-D909-4157-BF5F-EA0A13808929}.Release|x64.ActiveCfg = Release|Any CPU
		{B54B1D21-D909-4157-BF5F-EA0A13808929}.Release|x64.Build.0 = Release|Any CPU
		{B54B1D21-D909-4157-BF5F-EA0A13808929}.Release|x86.ActiveCfg = Release|Any CPU
		{B54B1D21-D909-4157-BF5F-EA0A13808929}.Release|x86.Build.0 = Release|Any CPU
	EndGlobalSection
EndGlobal
